
Microsoft Visual Studio Solution File, Format Version 12.00
# Visual Studio Version 17
VisualStudioVersion = 17.6.33712.159
MinimumVisualStudioVersion = 10.0.40219.1
Project("{2150E333-8FDC-42A3-9474-1A3956D46DE8}") = "01. Clients", "01. Clients", "{3780FCD4-30C7-43D5-96E4-0197A8006ED7}"
EndProject
Project("{2150E333-8FDC-42A3-9474-1A3956D46DE8}") = "02. Api.Gateways", "02. Api.Gateways", "{D9B839DA-84DC-4C3F-9848-863EB36FA6C7}"
EndProject
Project("{2150E333-8FDC-42A3-9474-1A3956D46DE8}") = "03. Services", "03. Services", "{9EC9E8F3-FB0C-46ED-A567-2C928C49858A}"
EndProject
Project("{2150E333-8FDC-42A3-9474-1A3956D46DE8}") = "01. Identity", "01. Identity", "{7999233A-E55B-46D2-9640-6C063B8B77EE}"
EndProject
Project("{2150E333-8FDC-42A3-9474-1A3956D46DE8}") = "02. Catalog", "02. Catalog", "{A6339BB2-A822-4DAE-989F-6BBDFADFA676}"
EndProject
Project("{2150E333-8FDC-42A3-9474-1A3956D46DE8}") = "03. Customer", "03. Customer", "{C733417B-9004-45AD-A5D3-AB2C9E525856}"
EndProject
Project("{2150E333-8FDC-42A3-9474-1A3956D46DE8}") = "04. Order", "04. Order", "{3291ECB3-E128-44F3-AE10-E31027457093}"
EndProject
Project("{FAE04EC0-301F-11D3-BF4B-00C04F79EFBC}") = "Catalog.API", "src\Services\Catalog\Catalog.API\Catalog.API.csproj", "{922D81E9-CAD4-499A-A299-44A9865FE60D}"
EndProject
Project("{2150E333-8FDC-42A3-9474-1A3956D46DE8}") = "API", "API", "{84295551-BBE8-4301-8011-B3782F8B4B18}"
EndProject
Project("{2150E333-8FDC-42A3-9474-1A3956D46DE8}") = "Service", "Service", "{9AF423F5-89AB-4CF7-BF02-1B40277FD99B}"
EndProject
Project("{2150E333-8FDC-42A3-9474-1A3956D46DE8}") = "Persitence", "Persitence", "{46C16D22-8734-454B-B289-8E3DC678C600}"
EndProject
Project("{2150E333-8FDC-42A3-9474-1A3956D46DE8}") = "Model", "Model", "{48EA4DCB-4754-445D-B21D-E7E161C04D89}"
EndProject
Global
	GlobalSection(SolutionConfigurationPlatforms) = preSolution
		Debug|Any CPU = Debug|Any CPU
		Release|Any CPU = Release|Any CPU
	EndGlobalSection
	GlobalSection(ProjectConfigurationPlatforms) = postSolution
		{922D81E9-CAD4-499A-A299-44A9865FE60D}.Debug|Any CPU.ActiveCfg = Debug|Any CPU
		{922D81E9-CAD4-499A-A299-44A9865FE60D}.Debug|Any CPU.Build.0 = Debug|Any CPU
		{922D81E9-CAD4-499A-A299-44A9865FE60D}.Release|Any CPU.ActiveCfg = Release|Any CPU
		{922D81E9-CAD4-499A-A299-44A9865FE60D}.Release|Any CPU.Build.0 = Release|Any CPU
	EndGlobalSection
	GlobalSection(SolutionProperties) = preSolution
		HideSolutionNode = FALSE
	EndGlobalSection
	GlobalSection(NestedProjects) = preSolution
		{7999233A-E55B-46D2-9640-6C063B8B77EE} = {9EC9E8F3-FB0C-46ED-A567-2C928C49858A}
		{A6339BB2-A822-4DAE-989F-6BBDFADFA676} = {9EC9E8F3-FB0C-46ED-A567-2C928C49858A}
		{C733417B-9004-45AD-A5D3-AB2C9E525856} = {9EC9E8F3-FB0C-46ED-A567-2C928C49858A}
		{3291ECB3-E128-44F3-AE10-E31027457093} = {9EC9E8F3-FB0C-46ED-A567-2C928C49858A}
		{922D81E9-CAD4-499A-A299-44A9865FE60D} = {84295551-BBE8-4301-8011-B3782F8B4B18}
		{84295551-BBE8-4301-8011-B3782F8B4B18} = {A6339BB2-A822-4DAE-989F-6BBDFADFA676}
		{9AF423F5-89AB-4CF7-BF02-1B40277FD99B} = {A6339BB2-A822-4DAE-989F-6BBDFADFA676}
		{46C16D22-8734-454B-B289-8E3DC678C600} = {A6339BB2-A822-4DAE-989F-6BBDFADFA676}
		{48EA4DCB-4754-445D-B21D-E7E161C04D89} = {A6339BB2-A822-4DAE-989F-6BBDFADFA676}
	EndGlobalSection
	GlobalSection(ExtensibilityGlobals) = postSolution
		SolutionGuid = {6F50C28B-DAF1-4138-9B15-A506B2C30CE8}
	EndGlobalSection
EndGlobal
