
Microsoft Visual Studio Solution File, Format Version 12.00
# Visual Studio Version 17
VisualStudioVersion = 17.6.33712.159
MinimumVisualStudioVersion = 10.0.40219.1
Project("{2150E333-8FDC-42A3-9474-1A3956D46DE8}") = "01. Clients", "01. Clients", "{3780FCD4-30C7-43D5-96E4-0197A8006ED7}"
EndProject
Project("{2150E333-8FDC-42A3-9474-1A3956D46DE8}") = "02. Api.Gateways", "02. Api.Gateways", "{D9B839DA-84DC-4C3F-9848-863EB36FA6C7}"
EndProject
Project("{2150E333-8FDC-42A3-9474-1A3956D46DE8}") = "03. Services", "03. Services", "{9EC9E8F3-FB0C-46ED-A567-2C928C49858A}"
EndProject
Project("{2150E333-8FDC-42A3-9474-1A3956D46DE8}") = "01. Identity", "01. Identity", "{7999233A-E55B-46D2-9640-6C063B8B77EE}"
EndProject
Project("{2150E333-8FDC-42A3-9474-1A3956D46DE8}") = "02. Catalog", "02. Catalog", "{A6339BB2-A822-4DAE-989F-6BBDFADFA676}"
EndProject
Project("{2150E333-8FDC-42A3-9474-1A3956D46DE8}") = "03. Customer", "03. Customer", "{C733417B-9004-45AD-A5D3-AB2C9E525856}"
EndProject
Project("{2150E333-8FDC-42A3-9474-1A3956D46DE8}") = "04. Order", "04. Order", "{3291ECB3-E128-44F3-AE10-E31027457093}"
EndProject
Project("{9A19103F-16F7-4668-BE54-9A1E7A4F7556}") = "Catalog.API", "src\Services\Catalog\Catalog.API\Catalog.API.csproj", "{922D81E9-CAD4-499A-A299-44A9865FE60D}"
EndProject
Project("{2150E333-8FDC-42A3-9474-1A3956D46DE8}") = "API", "API", "{84295551-BBE8-4301-8011-B3782F8B4B18}"
EndProject
Project("{2150E333-8FDC-42A3-9474-1A3956D46DE8}") = "Service", "Service", "{9AF423F5-89AB-4CF7-BF02-1B40277FD99B}"
EndProject
Project("{2150E333-8FDC-42A3-9474-1A3956D46DE8}") = "Persistence", "Persistence", "{46C16D22-8734-454B-B289-8E3DC678C600}"
EndProject
Project("{2150E333-8FDC-42A3-9474-1A3956D46DE8}") = "Model", "Model", "{48EA4DCB-4754-445D-B21D-E7E161C04D89}"
EndProject
Project("{9A19103F-16F7-4668-BE54-9A1E7A4F7556}") = "Catalog.Domain", "src\Services\Catalog\Catalog.Domain\Catalog.Domain.csproj", "{7472DA7D-AF1E-4B5B-97CC-0905F5D67BE7}"
EndProject
Project("{9A19103F-16F7-4668-BE54-9A1E7A4F7556}") = "Catalog.Persistence.Database", "src\Services\Catalog\Catalog.Persistence.Database\Catalog.Persistence.Database.csproj", "{80847597-45CB-447B-8DFB-3E0870FE665A}"
EndProject
Project("{9A19103F-16F7-4668-BE54-9A1E7A4F7556}") = "Catalog.Services.Querries", "src\Services\Catalog\Catalog.Services.Querries\Catalog.Services.Querries.csproj", "{8142853C-D4A2-41BD-A98E-DBDAB704172D}"
EndProject
Project("{2150E333-8FDC-42A3-9474-1A3956D46DE8}") = "05. Common", "05. Common", "{B08034AD-663F-4809-A70F-0D8E16E94C3D}"
EndProject
Project("{9A19103F-16F7-4668-BE54-9A1E7A4F7556}") = "Service.Common.Collection", "src\Other.Common.Services\Service.Common.Collection\Service.Common.Collection.csproj", "{7B799488-2AFC-4DBE-BF78-DC4CF1C7967E}"
EndProject
Project("{9A19103F-16F7-4668-BE54-9A1E7A4F7556}") = "Service.Common.Mapping", "src\Other.Common.Services\Service.Common.Mapping\Service.Common.Mapping.csproj", "{3FD881E9-F401-48D8-AE98-32A0DBA7E7C1}"
EndProject
Project("{9A19103F-16F7-4668-BE54-9A1E7A4F7556}") = "Service.Common.Paging", "src\Other.Common.Services\Service.Common.Paging\Service.Common.Paging.csproj", "{48F0C567-4AE2-4358-B595-69CC8579930A}"
EndProject
Project("{FAE04EC0-301F-11D3-BF4B-00C04F79EFBC}") = "Catalog.Service.EventHandlers", "src\Services\Catalog\Catalog.Service.EventHandlers\Catalog.Service.EventHandlers.csproj", "{6E1CE33A-04D3-4C66-8E0A-571984179F74}"
EndProject
Global
	GlobalSection(SolutionConfigurationPlatforms) = preSolution
		Debug|Any CPU = Debug|Any CPU
		Release|Any CPU = Release|Any CPU
	EndGlobalSection
	GlobalSection(ProjectConfigurationPlatforms) = postSolution
		{922D81E9-CAD4-499A-A299-44A9865FE60D}.Debug|Any CPU.ActiveCfg = Debug|Any CPU
		{922D81E9-CAD4-499A-A299-44A9865FE60D}.Debug|Any CPU.Build.0 = Debug|Any CPU
		{922D81E9-CAD4-499A-A299-44A9865FE60D}.Release|Any CPU.ActiveCfg = Release|Any CPU
		{922D81E9-CAD4-499A-A299-44A9865FE60D}.Release|Any CPU.Build.0 = Release|Any CPU
		{7472DA7D-AF1E-4B5B-97CC-0905F5D67BE7}.Debug|Any CPU.ActiveCfg = Debug|Any CPU
		{7472DA7D-AF1E-4B5B-97CC-0905F5D67BE7}.Debug|Any CPU.Build.0 = Debug|Any CPU
		{7472DA7D-AF1E-4B5B-97CC-0905F5D67BE7}.Release|Any CPU.ActiveCfg = Release|Any CPU
		{7472DA7D-AF1E-4B5B-97CC-0905F5D67BE7}.Release|Any CPU.Build.0 = Release|Any CPU
		{80847597-45CB-447B-8DFB-3E0870FE665A}.Debug|Any CPU.ActiveCfg = Debug|Any CPU
		{80847597-45CB-447B-8DFB-3E0870FE665A}.Debug|Any CPU.Build.0 = Debug|Any CPU
		{80847597-45CB-447B-8DFB-3E0870FE665A}.Release|Any CPU.ActiveCfg = Release|Any CPU
		{80847597-45CB-447B-8DFB-3E0870FE665A}.Release|Any CPU.Build.0 = Release|Any CPU
		{8142853C-D4A2-41BD-A98E-DBDAB704172D}.Debug|Any CPU.ActiveCfg = Debug|Any CPU
		{8142853C-D4A2-41BD-A98E-DBDAB704172D}.Debug|Any CPU.Build.0 = Debug|Any CPU
		{8142853C-D4A2-41BD-A98E-DBDAB704172D}.Release|Any CPU.ActiveCfg = Release|Any CPU
		{8142853C-D4A2-41BD-A98E-DBDAB704172D}.Release|Any CPU.Build.0 = Release|Any CPU
		{7B799488-2AFC-4DBE-BF78-DC4CF1C7967E}.Debug|Any CPU.ActiveCfg = Debug|Any CPU
		{7B799488-2AFC-4DBE-BF78-DC4CF1C7967E}.Debug|Any CPU.Build.0 = Debug|Any CPU
		{7B799488-2AFC-4DBE-BF78-DC4CF1C7967E}.Release|Any CPU.ActiveCfg = Release|Any CPU
		{7B799488-2AFC-4DBE-BF78-DC4CF1C7967E}.Release|Any CPU.Build.0 = Release|Any CPU
		{3FD881E9-F401-48D8-AE98-32A0DBA7E7C1}.Debug|Any CPU.ActiveCfg = Debug|Any CPU
		{3FD881E9-F401-48D8-AE98-32A0DBA7E7C1}.Debug|Any CPU.Build.0 = Debug|Any CPU
		{3FD881E9-F401-48D8-AE98-32A0DBA7E7C1}.Release|Any CPU.ActiveCfg = Release|Any CPU
		{3FD881E9-F401-48D8-AE98-32A0DBA7E7C1}.Release|Any CPU.Build.0 = Release|Any CPU
		{48F0C567-4AE2-4358-B595-69CC8579930A}.Debug|Any CPU.ActiveCfg = Debug|Any CPU
		{48F0C567-4AE2-4358-B595-69CC8579930A}.Debug|Any CPU.Build.0 = Debug|Any CPU
		{48F0C567-4AE2-4358-B595-69CC8579930A}.Release|Any CPU.ActiveCfg = Release|Any CPU
		{48F0C567-4AE2-4358-B595-69CC8579930A}.Release|Any CPU.Build.0 = Release|Any CPU
		{6E1CE33A-04D3-4C66-8E0A-571984179F74}.Debug|Any CPU.ActiveCfg = Debug|Any CPU
		{6E1CE33A-04D3-4C66-8E0A-571984179F74}.Debug|Any CPU.Build.0 = Debug|Any CPU
		{6E1CE33A-04D3-4C66-8E0A-571984179F74}.Release|Any CPU.ActiveCfg = Release|Any CPU
		{6E1CE33A-04D3-4C66-8E0A-571984179F74}.Release|Any CPU.Build.0 = Release|Any CPU
	EndGlobalSection
	GlobalSection(SolutionProperties) = preSolution
		HideSolutionNode = FALSE
	EndGlobalSection
	GlobalSection(NestedProjects) = preSolution
		{7999233A-E55B-46D2-9640-6C063B8B77EE} = {9EC9E8F3-FB0C-46ED-A567-2C928C49858A}
		{A6339BB2-A822-4DAE-989F-6BBDFADFA676} = {9EC9E8F3-FB0C-46ED-A567-2C928C49858A}
		{C733417B-9004-45AD-A5D3-AB2C9E525856} = {9EC9E8F3-FB0C-46ED-A567-2C928C49858A}
		{3291ECB3-E128-44F3-AE10-E31027457093} = {9EC9E8F3-FB0C-46ED-A567-2C928C49858A}
		{922D81E9-CAD4-499A-A299-44A9865FE60D} = {84295551-BBE8-4301-8011-B3782F8B4B18}
		{84295551-BBE8-4301-8011-B3782F8B4B18} = {A6339BB2-A822-4DAE-989F-6BBDFADFA676}
		{9AF423F5-89AB-4CF7-BF02-1B40277FD99B} = {A6339BB2-A822-4DAE-989F-6BBDFADFA676}
		{46C16D22-8734-454B-B289-8E3DC678C600} = {A6339BB2-A822-4DAE-989F-6BBDFADFA676}
		{48EA4DCB-4754-445D-B21D-E7E161C04D89} = {A6339BB2-A822-4DAE-989F-6BBDFADFA676}
		{7472DA7D-AF1E-4B5B-97CC-0905F5D67BE7} = {48EA4DCB-4754-445D-B21D-E7E161C04D89}
		{80847597-45CB-447B-8DFB-3E0870FE665A} = {46C16D22-8734-454B-B289-8E3DC678C600}
		{8142853C-D4A2-41BD-A98E-DBDAB704172D} = {9AF423F5-89AB-4CF7-BF02-1B40277FD99B}
		{B08034AD-663F-4809-A70F-0D8E16E94C3D} = {9EC9E8F3-FB0C-46ED-A567-2C928C49858A}
		{7B799488-2AFC-4DBE-BF78-DC4CF1C7967E} = {B08034AD-663F-4809-A70F-0D8E16E94C3D}
		{3FD881E9-F401-48D8-AE98-32A0DBA7E7C1} = {B08034AD-663F-4809-A70F-0D8E16E94C3D}
		{48F0C567-4AE2-4358-B595-69CC8579930A} = {B08034AD-663F-4809-A70F-0D8E16E94C3D}
		{6E1CE33A-04D3-4C66-8E0A-571984179F74} = {9AF423F5-89AB-4CF7-BF02-1B40277FD99B}
	EndGlobalSection
	GlobalSection(ExtensibilityGlobals) = postSolution
		SolutionGuid = {6F50C28B-DAF1-4138-9B15-A506B2C30CE8}
	EndGlobalSection
EndGlobal
